
Microsoft Visual Studio Solution File, Format Version 12.00
# Visual Studio 15
VisualStudioVersion = 15.0.28307.572
MinimumVisualStudioVersion = 10.0.40219.1
Project("{FAE04EC0-301F-11D3-BF4B-00C04F79EFBC}") = "NUnitTestProject1", "NUnitTestProject1\NUnitTestProject1.csproj", "{5F553A10-7C42-4567-BB52-4E6C38D25CA4}"
EndProject
Project("{FAE04EC0-301F-11D3-BF4B-00C04F79EFBC}") = "ConsoleApp1", "ConsoleApp1\ConsoleApp1.csproj", "{955C7485-79D5-4CB9-ABDE-28CFFDD33B52}"
EndProject
Project("{FAE04EC0-301F-11D3-BF4B-00C04F79EFBC}") = "ClassLibrary1", "ClassLibrary1\ClassLibrary1.csproj", "{5F0C0747-B1D8-45F6-B512-4A8B9942B1E1}"
EndProject
Global
	GlobalSection(SolutionConfigurationPlatforms) = preSolution
		Debug|Any CPU = Debug|Any CPU
		Release|Any CPU = Release|Any CPU
	EndGlobalSection
	GlobalSection(ProjectConfigurationPlatforms) = postSolution
		{5F553A10-7C42-4567-BB52-4E6C38D25CA4}.Debug|Any CPU.ActiveCfg = Debug|Any CPU
		{5F553A10-7C42-4567-BB52-4E6C38D25CA4}.Debug|Any CPU.Build.0 = Debug|Any CPU
		{5F553A10-7C42-4567-BB52-4E6C38D25CA4}.Release|Any CPU.ActiveCfg = Release|Any CPU
		{5F553A10-7C42-4567-BB52-4E6C38D25CA4}.Release|Any CPU.Build.0 = Release|Any CPU
		{955C7485-79D5-4CB9-ABDE-28CFFDD33B52}.Debug|Any CPU.ActiveCfg = Debug|Any CPU
		{955C7485-79D5-4CB9-ABDE-28CFFDD33B52}.Debug|Any CPU.Build.0 = Debug|Any CPU
		{955C7485-79D5-4CB9-ABDE-28CFFDD33B52}.Release|Any CPU.ActiveCfg = Release|Any CPU
		{955C7485-79D5-4CB9-ABDE-28CFFDD33B52}.Release|Any CPU.Build.0 = Release|Any CPU
		{5F0C0747-B1D8-45F6-B512-4A8B9942B1E1}.Debug|Any CPU.ActiveCfg = Debug|Any CPU
		{5F0C0747-B1D8-45F6-B512-4A8B9942B1E1}.Debug|Any CPU.Build.0 = Debug|Any CPU
		{5F0C0747-B1D8-45F6-B512-4A8B9942B1E1}.Release|Any CPU.ActiveCfg = Release|Any CPU
		{5F0C0747-B1D8-45F6-B512-4A8B9942B1E1}.Release|Any CPU.Build.0 = Release|Any CPU
	EndGlobalSection
	GlobalSection(SolutionProperties) = preSolution
		HideSolutionNode = FALSE
	EndGlobalSection
	GlobalSection(ExtensibilityGlobals) = postSolution
		SolutionGuid = {363F4305-A0C6-40CA-97A0-DFD31354C7A5}
	EndGlobalSection
EndGlobal
